
Microsoft Visual Studio Solution File, Format Version 12.00
# Visual Studio 15
VisualStudioVersion = 15.0.28307.1525
MinimumVisualStudioVersion = 10.0.40219.1
Project("{FAE04EC0-301F-11D3-BF4B-00C04F79EFBC}") = "Hangman Game", "Hangman Game\Hangman Game.csproj", "{95308D96-31E2-4880-B227-E2FE7ABB22C0}"
EndProject
Global
	GlobalSection(SolutionConfigurationPlatforms) = preSolution
		Debug|Any CPU = Debug|Any CPU
		Release|Any CPU = Release|Any CPU
	EndGlobalSection
	GlobalSection(ProjectConfigurationPlatforms) = postSolution
		{95308D96-31E2-4880-B227-E2FE7ABB22C0}.Debug|Any CPU.ActiveCfg = Debug|Any CPU
		{95308D96-31E2-4880-B227-E2FE7ABB22C0}.Debug|Any CPU.Build.0 = Debug|Any CPU
		{95308D96-31E2-4880-B227-E2FE7ABB22C0}.Release|Any CPU.ActiveCfg = Release|Any CPU
		{95308D96-31E2-4880-B227-E2FE7ABB22C0}.Release|Any CPU.Build.0 = Release|Any CPU
	EndGlobalSection
	GlobalSection(SolutionProperties) = preSolution
		HideSolutionNode = FALSE
	EndGlobalSection
	GlobalSection(ExtensibilityGlobals) = postSolution
		SolutionGuid = {BDF20179-D22C-47F8-AC8E-08F91DE33706}
	EndGlobalSection
EndGlobal
